
Microsoft Visual Studio Solution File, Format Version 12.00
# Visual Studio Version 17
VisualStudioVersion = 17.5.33424.131
MinimumVisualStudioVersion = 10.0.40219.1
Project("{9A19103F-16F7-4668-BE54-9A1E7A4F7556}") = "Exercise1", "Exercise1\Exercise1.csproj", "{03B2EF3A-4D39-46DC-AF78-019A5C6698DB}"
EndProject
Project("{9A19103F-16F7-4668-BE54-9A1E7A4F7556}") = "Exercise2", "Exercise2\Exercise2.csproj", "{B65CF307-B51A-4AC7-B0E6-669AFF36F855}"
EndProject
Project("{9A19103F-16F7-4668-BE54-9A1E7A4F7556}") = "Exercise3", "Exercise3\Exercise3.csproj", "{1493E337-16C1-4B87-84D5-AB830E4BBFD5}"
EndProject
Project("{9A19103F-16F7-4668-BE54-9A1E7A4F7556}") = "Exercise4", "Exercise4\Exercise4.csproj", "{0FDAEDAA-FBC5-4791-A78D-A9C4462D38D3}"
EndProject
Project("{9A19103F-16F7-4668-BE54-9A1E7A4F7556}") = "Exercise5", "Exercise5\Exercise5.csproj", "{15505B0F-18A2-477E-B7C0-6161527AFD3C}"
EndProject
Project("{9A19103F-16F7-4668-BE54-9A1E7A4F7556}") = "Exercise6", "Exercise6\Exercise6.csproj", "{F853837F-F868-4F94-911D-794FE5DBB34F}"
EndProject
Project("{9A19103F-16F7-4668-BE54-9A1E7A4F7556}") = "Exercise7", "Exercise7\Exercise7.csproj", "{7F6DCCAD-D438-4C8F-B84C-013329F98856}"
EndProject
Project("{9A19103F-16F7-4668-BE54-9A1E7A4F7556}") = "TestsFor4-5-10", "Exercise8,9,10\TestsFor4-5-10.csproj", "{3EF7BEC4-DBD6-4561-A7E7-F23CFA51D5A4}"
EndProject
Project("{9A19103F-16F7-4668-BE54-9A1E7A4F7556}") = "Exercise11", "Exercise11\Exercise11.csproj", "{59AAE114-8D06-4ED1-9651-250E6269D5B5}"
EndProject
Project("{9A19103F-16F7-4668-BE54-9A1E7A4F7556}") = "Exercise12,13,14,15,16", "Exercise12,13,14,15,16\Exercise12,13,14,15,16.csproj", "{7593C29A-7B68-4AE4-AE33-79078FF9FB16}"
EndProject
Project("{9A19103F-16F7-4668-BE54-9A1E7A4F7556}") = "Exercise17", "Exercise17\Exercise17.csproj", "{5EA93D41-88A3-44D8-A24C-77A777159E9F}"
EndProject
Project("{2150E333-8FDC-42A3-9474-1A3956D46DE8}") = "Exercise8,9,10", "Exercise8,9,10", "{E05A1CDF-BBDB-44B7-8429-5842EEB303A6}"
EndProject
Global
	GlobalSection(SolutionConfigurationPlatforms) = preSolution
		Debug|Any CPU = Debug|Any CPU
		Release|Any CPU = Release|Any CPU
	EndGlobalSection
	GlobalSection(ProjectConfigurationPlatforms) = postSolution
		{03B2EF3A-4D39-46DC-AF78-019A5C6698DB}.Debug|Any CPU.ActiveCfg = Debug|Any CPU
		{03B2EF3A-4D39-46DC-AF78-019A5C6698DB}.Debug|Any CPU.Build.0 = Debug|Any CPU
		{03B2EF3A-4D39-46DC-AF78-019A5C6698DB}.Release|Any CPU.ActiveCfg = Release|Any CPU
		{03B2EF3A-4D39-46DC-AF78-019A5C6698DB}.Release|Any CPU.Build.0 = Release|Any CPU
		{B65CF307-B51A-4AC7-B0E6-669AFF36F855}.Debug|Any CPU.ActiveCfg = Debug|Any CPU
		{B65CF307-B51A-4AC7-B0E6-669AFF36F855}.Debug|Any CPU.Build.0 = Debug|Any CPU
		{B65CF307-B51A-4AC7-B0E6-669AFF36F855}.Release|Any CPU.ActiveCfg = Release|Any CPU
		{B65CF307-B51A-4AC7-B0E6-669AFF36F855}.Release|Any CPU.Build.0 = Release|Any CPU
		{1493E337-16C1-4B87-84D5-AB830E4BBFD5}.Debug|Any CPU.ActiveCfg = Debug|Any CPU
		{1493E337-16C1-4B87-84D5-AB830E4BBFD5}.Debug|Any CPU.Build.0 = Debug|Any CPU
		{1493E337-16C1-4B87-84D5-AB830E4BBFD5}.Release|Any CPU.ActiveCfg = Release|Any CPU
		{1493E337-16C1-4B87-84D5-AB830E4BBFD5}.Release|Any CPU.Build.0 = Release|Any CPU
		{0FDAEDAA-FBC5-4791-A78D-A9C4462D38D3}.Debug|Any CPU.ActiveCfg = Debug|Any CPU
		{0FDAEDAA-FBC5-4791-A78D-A9C4462D38D3}.Debug|Any CPU.Build.0 = Debug|Any CPU
		{0FDAEDAA-FBC5-4791-A78D-A9C4462D38D3}.Release|Any CPU.ActiveCfg = Release|Any CPU
		{0FDAEDAA-FBC5-4791-A78D-A9C4462D38D3}.Release|Any CPU.Build.0 = Release|Any CPU
		{15505B0F-18A2-477E-B7C0-6161527AFD3C}.Debug|Any CPU.ActiveCfg = Debug|Any CPU
		{15505B0F-18A2-477E-B7C0-6161527AFD3C}.Debug|Any CPU.Build.0 = Debug|Any CPU
		{15505B0F-18A2-477E-B7C0-6161527AFD3C}.Release|Any CPU.ActiveCfg = Release|Any CPU
		{15505B0F-18A2-477E-B7C0-6161527AFD3C}.Release|Any CPU.Build.0 = Release|Any CPU
		{F853837F-F868-4F94-911D-794FE5DBB34F}.Debug|Any CPU.ActiveCfg = Debug|Any CPU
		{F853837F-F868-4F94-911D-794FE5DBB34F}.Debug|Any CPU.Build.0 = Debug|Any CPU
		{F853837F-F868-4F94-911D-794FE5DBB34F}.Release|Any CPU.ActiveCfg = Release|Any CPU
		{F853837F-F868-4F94-911D-794FE5DBB34F}.Release|Any CPU.Build.0 = Release|Any CPU
		{7F6DCCAD-D438-4C8F-B84C-013329F98856}.Debug|Any CPU.ActiveCfg = Debug|Any CPU
		{7F6DCCAD-D438-4C8F-B84C-013329F98856}.Debug|Any CPU.Build.0 = Debug|Any CPU
		{7F6DCCAD-D438-4C8F-B84C-013329F98856}.Release|Any CPU.ActiveCfg = Release|Any CPU
		{7F6DCCAD-D438-4C8F-B84C-013329F98856}.Release|Any CPU.Build.0 = Release|Any CPU
		{3EF7BEC4-DBD6-4561-A7E7-F23CFA51D5A4}.Debug|Any CPU.ActiveCfg = Debug|Any CPU
		{3EF7BEC4-DBD6-4561-A7E7-F23CFA51D5A4}.Debug|Any CPU.Build.0 = Debug|Any CPU
		{3EF7BEC4-DBD6-4561-A7E7-F23CFA51D5A4}.Release|Any CPU.ActiveCfg = Release|Any CPU
		{3EF7BEC4-DBD6-4561-A7E7-F23CFA51D5A4}.Release|Any CPU.Build.0 = Release|Any CPU
		{59AAE114-8D06-4ED1-9651-250E6269D5B5}.Debug|Any CPU.ActiveCfg = Debug|Any CPU
		{59AAE114-8D06-4ED1-9651-250E6269D5B5}.Debug|Any CPU.Build.0 = Debug|Any CPU
		{59AAE114-8D06-4ED1-9651-250E6269D5B5}.Release|Any CPU.ActiveCfg = Release|Any CPU
		{59AAE114-8D06-4ED1-9651-250E6269D5B5}.Release|Any CPU.Build.0 = Release|Any CPU
		{7593C29A-7B68-4AE4-AE33-79078FF9FB16}.Debug|Any CPU.ActiveCfg = Debug|Any CPU
		{7593C29A-7B68-4AE4-AE33-79078FF9FB16}.Debug|Any CPU.Build.0 = Debug|Any CPU
		{7593C29A-7B68-4AE4-AE33-79078FF9FB16}.Release|Any CPU.ActiveCfg = Release|Any CPU
		{7593C29A-7B68-4AE4-AE33-79078FF9FB16}.Release|Any CPU.Build.0 = Release|Any CPU
		{5EA93D41-88A3-44D8-A24C-77A777159E9F}.Debug|Any CPU.ActiveCfg = Debug|Any CPU
		{5EA93D41-88A3-44D8-A24C-77A777159E9F}.Debug|Any CPU.Build.0 = Debug|Any CPU
		{5EA93D41-88A3-44D8-A24C-77A777159E9F}.Release|Any CPU.ActiveCfg = Release|Any CPU
		{5EA93D41-88A3-44D8-A24C-77A777159E9F}.Release|Any CPU.Build.0 = Release|Any CPU
	EndGlobalSection
	GlobalSection(SolutionProperties) = preSolution
		HideSolutionNode = FALSE
	EndGlobalSection
	GlobalSection(NestedProjects) = preSolution
		{3EF7BEC4-DBD6-4561-A7E7-F23CFA51D5A4} = {E05A1CDF-BBDB-44B7-8429-5842EEB303A6}
	EndGlobalSection
	GlobalSection(ExtensibilityGlobals) = postSolution
		SolutionGuid = {EB54BE8C-8333-4A33-97B7-828A0FA947E1}
	EndGlobalSection
EndGlobal
